{
  "nodes": {
    "flake-utils": {
      "locked": {
        "lastModified": 1649676176,
        "narHash": "sha256-OWKJratjt2RW151VUlJPRALb7OU2S5s+f0vLj4o1bHM=",
        "owner": "numtide",
        "repo": "flake-utils",
        "rev": "a4b154ebbdc88c8498a5c7b01589addc9e9cb678",
        "type": "github"
      },
      "original": {
        "owner": "numtide",
        "repo": "flake-utils",
        "type": "github"
      }
    },
    "nixpkgs": {
      "locked": {
        "lastModified": 1650629794,
        "narHash": "sha256-oU5ayzojPqi3EnyVYszg3O3i8Q+E8n4I9RQshrjGULE=",
        "ref": "firectl_latest",
        "rev": "6c87c725e2c94278a1fdd1b3773deb4dd3dc19cb",
        "revCount": 369993,
        "type": "git",
        "url": "file:///home/blake/src/nixpkgs"
      },
      "original": {
        "type": "git",
        "url": "file:///home/blake/src/nixpkgs"
      }
    },
    "root": {
      "inputs": {
        "flake-utils": "flake-utils",
        "nixpkgs": "nixpkgs"
      }
    }
  },
  "root": "root",
  "version": 7
}
